
Microsoft Visual Studio Solution File, Format Version 12.00
Project("{F2A71F9B-5D33-465A-A702-920D77279786}") = "finalExam_fSharp_PROG24310_kownacki", "finalExam_fSharp_PROG24310_kownacki\finalExam_fSharp_PROG24310_kownacki.fsproj", "{A8447009-DB63-4977-949B-D8488AA61693}"
EndProject
Global
	GlobalSection(SolutionConfigurationPlatforms) = preSolution
		Debug|Any CPU = Debug|Any CPU
		Release|Any CPU = Release|Any CPU
	EndGlobalSection
	GlobalSection(ProjectConfigurationPlatforms) = postSolution
		{A8447009-DB63-4977-949B-D8488AA61693}.Debug|Any CPU.ActiveCfg = Debug|Any CPU
		{A8447009-DB63-4977-949B-D8488AA61693}.Debug|Any CPU.Build.0 = Debug|Any CPU
		{A8447009-DB63-4977-949B-D8488AA61693}.Release|Any CPU.ActiveCfg = Release|Any CPU
		{A8447009-DB63-4977-949B-D8488AA61693}.Release|Any CPU.Build.0 = Release|Any CPU
	EndGlobalSection
EndGlobal
